
Microsoft Visual Studio Solution File, Format Version 12.00
# Visual Studio Version 16
VisualStudioVersion = 16.0.30804.86
MinimumVisualStudioVersion = 10.0.40219.1
Project("{FAE04EC0-301F-11D3-BF4B-00C04F79EFBC}") = "calculaimpostos", "calculaimpostos.csproj", "{0E8C69CF-0466-4ABB-AE9C-8EF564BCDE93}"
EndProject
Global
	GlobalSection(SolutionConfigurationPlatforms) = preSolution
		Debug|Any CPU = Debug|Any CPU
		Release|Any CPU = Release|Any CPU
	EndGlobalSection
	GlobalSection(ProjectConfigurationPlatforms) = postSolution
		{0E8C69CF-0466-4ABB-AE9C-8EF564BCDE93}.Debug|Any CPU.ActiveCfg = Debug|Any CPU
		{0E8C69CF-0466-4ABB-AE9C-8EF564BCDE93}.Debug|Any CPU.Build.0 = Debug|Any CPU
		{0E8C69CF-0466-4ABB-AE9C-8EF564BCDE93}.Release|Any CPU.ActiveCfg = Release|Any CPU
		{0E8C69CF-0466-4ABB-AE9C-8EF564BCDE93}.Release|Any CPU.Build.0 = Release|Any CPU
	EndGlobalSection
	GlobalSection(SolutionProperties) = preSolution
		HideSolutionNode = FALSE
	EndGlobalSection
	GlobalSection(ExtensibilityGlobals) = postSolution
		SolutionGuid = {D78F8F5F-5842-485D-8447-EC0BB7C903D4}
	EndGlobalSection
EndGlobal
